
Microsoft Visual Studio Solution File, Format Version 12.00
# Visual Studio Version 17
VisualStudioVersion = 17.2.32602.215
MinimumVisualStudioVersion = 10.0.40219.1
Project("{54A90642-561A-4BB1-A94E-469ADEE60C69}") = "WorldCities", "WorldCities\WorldCities.esproj", "{81488DE3-8D9E-4EEF-84C7-B7CC7F678CA6}"
EndProject
Project("{FAE04EC0-301F-11D3-BF4B-00C04F79EFBC}") = "WorldCitiesApi", "WorldCitiesApi\WorldCitiesApi.csproj", "{30B54A28-05D8-4E07-A1CD-8DD0846B1790}"
EndProject
Project("{FAE04EC0-301F-11D3-BF4B-00C04F79EFBC}") = "WorldCitiesAPI.Tests", "WorldCitiesAPI.Tests\WorldCitiesAPI.Tests.csproj", "{CC1D6F56-A4EE-44A3-9152-E7BCEB1853E2}"
EndProject
Global
	GlobalSection(SolutionConfigurationPlatforms) = preSolution
		Debug|Any CPU = Debug|Any CPU
		Release|Any CPU = Release|Any CPU
	EndGlobalSection
	GlobalSection(ProjectConfigurationPlatforms) = postSolution
		{81488DE3-8D9E-4EEF-84C7-B7CC7F678CA6}.Debug|Any CPU.ActiveCfg = Debug|Any CPU
		{81488DE3-8D9E-4EEF-84C7-B7CC7F678CA6}.Debug|Any CPU.Build.0 = Debug|Any CPU
		{81488DE3-8D9E-4EEF-84C7-B7CC7F678CA6}.Debug|Any CPU.Deploy.0 = Debug|Any CPU
		{81488DE3-8D9E-4EEF-84C7-B7CC7F678CA6}.Release|Any CPU.ActiveCfg = Release|Any CPU
		{81488DE3-8D9E-4EEF-84C7-B7CC7F678CA6}.Release|Any CPU.Build.0 = Release|Any CPU
		{81488DE3-8D9E-4EEF-84C7-B7CC7F678CA6}.Release|Any CPU.Deploy.0 = Release|Any CPU
		{30B54A28-05D8-4E07-A1CD-8DD0846B1790}.Debug|Any CPU.ActiveCfg = Debug|Any CPU
		{30B54A28-05D8-4E07-A1CD-8DD0846B1790}.Debug|Any CPU.Build.0 = Debug|Any CPU
		{30B54A28-05D8-4E07-A1CD-8DD0846B1790}.Release|Any CPU.ActiveCfg = Release|Any CPU
		{30B54A28-05D8-4E07-A1CD-8DD0846B1790}.Release|Any CPU.Build.0 = Release|Any CPU
		{CC1D6F56-A4EE-44A3-9152-E7BCEB1853E2}.Debug|Any CPU.ActiveCfg = Debug|Any CPU
		{CC1D6F56-A4EE-44A3-9152-E7BCEB1853E2}.Debug|Any CPU.Build.0 = Debug|Any CPU
		{CC1D6F56-A4EE-44A3-9152-E7BCEB1853E2}.Release|Any CPU.ActiveCfg = Release|Any CPU
		{CC1D6F56-A4EE-44A3-9152-E7BCEB1853E2}.Release|Any CPU.Build.0 = Release|Any CPU
	EndGlobalSection
	GlobalSection(SolutionProperties) = preSolution
		HideSolutionNode = FALSE
	EndGlobalSection
	GlobalSection(ExtensibilityGlobals) = postSolution
		SolutionGuid = {C17ECFDA-405E-4755-A9C1-7DE61C20083B}
	EndGlobalSection
EndGlobal
